// !$*UTF8*$!
{
	archiveVersion = 1;
	classes = {
	};
	objectVersion = 50;
	objects = {

/* Begin PBXBuildFile section */
		70F231C2249B49BA003C56C9 /* main.m in Sources */ = {isa = PBXBuildFile; fileRef = 70F231C1249B49BA003C56C9 /* main.m */; };
		70F231CF249B6BD4003C56C9 /* main.m in Sources */ = {isa = PBXBuildFile; fileRef = 70F231CE249B6BD4003C56C9 /* main.m */; };
		70F231D5249B6C0C003C56C9 /* AddressCard.m in Sources */ = {isa = PBXBuildFile; fileRef = 70F231D4249B6C0C003C56C9 /* AddressCard.m */; };
		70F231D8249C56F6003C56C9 /* AddressBook.m in Sources */ = {isa = PBXBuildFile; fileRef = 70F231D7249C56F6003C56C9 /* AddressBook.m */; };
/* End PBXBuildFile section */

/* Begin PBXCopyFilesBuildPhase section */
		70F231BC249B49BA003C56C9 /* CopyFiles */ = {
			isa = PBXCopyFilesBuildPhase;
			buildActionMask = 2147483647;
			dstPath = /usr/share/man/man1/;
			dstSubfolderSpec = 0;
			files = (
			);
			runOnlyForDeploymentPostprocessing = 1;
		};
		70F231CA249B6BD4003C56C9 /* CopyFiles */ = {
			isa = PBXCopyFilesBuildPhase;
			buildActionMask = 2147483647;
			dstPath = /usr/share/man/man1/;
			dstSubfolderSpec = 0;
			files = (
			);
			runOnlyForDeploymentPostprocessing = 1;
		};
/* End PBXCopyFilesBuildPhase section */

/* Begin PBXFileReference section */
		70F231BE249B49BA003C56C9 /* ioslearn_oc */ = {isa = PBXFileReference; explicitFileType = "compiled.mach-o.executable"; includeInIndex = 0; path = ioslearn_oc; sourceTree = BUILT_PRODUCTS_DIR; };
		70F231C1249B49BA003C56C9 /* main.m */ = {isa = PBXFileReference; lastKnownFileType = sourcecode.c.objc; path = main.m; sourceTree = "<group>"; };
		70F231CC249B6BD4003C56C9 /* nsarray */ = {isa = PBXFileReference; explicitFileType = "compiled.mach-o.executable"; includeInIndex = 0; path = nsarray; sourceTree = BUILT_PRODUCTS_DIR; };
		70F231CE249B6BD4003C56C9 /* main.m */ = {isa = PBXFileReference; lastKnownFileType = sourcecode.c.objc; path = main.m; sourceTree = "<group>"; };
		70F231D3249B6C0C003C56C9 /* AddressCard.h */ = {isa = PBXFileReference; lastKnownFileType = sourcecode.c.h; path = AddressCard.h; sourceTree = "<group>"; };
		70F231D4249B6C0C003C56C9 /* AddressCard.m */ = {isa = PBXFileReference; lastKnownFileType = sourcecode.c.objc; path = AddressCard.m; sourceTree = "<group>"; };
		70F231D6249C56F6003C56C9 /* AddressBook.h */ = {isa = PBXFileReference; lastKnownFileType = sourcecode.c.h; path = AddressBook.h; sourceTree = "<group>"; };
		70F231D7249C56F6003C56C9 /* AddressBook.m */ = {isa = PBXFileReference; lastKnownFileType = sourcecode.c.objc; path = AddressBook.m; sourceTree = "<group>"; };
/* End PBXFileReference section */

/* Begin PBXFrameworksBuildPhase section */
		70F231BB249B49BA003C56C9 /* Frameworks */ = {
			isa = PBXFrameworksBuildPhase;
			buildActionMask = 2147483647;
			files = (
			);
			runOnlyForDeploymentPostprocessing = 0;
		};
		70F231C9249B6BD4003C56C9 /* Frameworks */ = {
			isa = PBXFrameworksBuildPhase;
			buildActionMask = 2147483647;
			files = (
			);
			runOnlyForDeploymentPostprocessing = 0;
		};
/* End PBXFrameworksBuildPhase section */

/* Begin PBXGroup section */
		70F231B5249B49BA003C56C9 = {
			isa = PBXGroup;
			children = (
				70F231C0249B49BA003C56C9 /* ioslearn_oc */,
				70F231CD249B6BD4003C56C9 /* nsarray */,
				70F231BF249B49BA003C56C9 /* Products */,
			);
			sourceTree = "<group>";
		};
		70F231BF249B49BA003C56C9 /* Products */ = {
			isa = PBXGroup;
			children = (
				70F231BE249B49BA003C56C9 /* ioslearn_oc */,
				70F231CC249B6BD4003C56C9 /* nsarray */,
			);
			name = Products;
			sourceTree = "<group>";
		};
		70F231C0249B49BA003C56C9 /* ioslearn_oc */ = {
			isa = PBXGroup;
			children = (
				70F231C1249B49BA003C56C9 /* main.m */,
			);
			path = ioslearn_oc;
			sourceTree = "<group>";
		};
		70F231CD249B6BD4003C56C9 /* nsarray */ = {
			isa = PBXGroup;
			children = (
				70F231CE249B6BD4003C56C9 /* main.m */,
				70F231D3249B6C0C003C56C9 /* AddressCard.h */,
				70F231D4249B6C0C003C56C9 /* AddressCard.m */,
				70F231D6249C56F6003C56C9 /* AddressBook.h */,
				70F231D7249C56F6003C56C9 /* AddressBook.m */,
			);
			path = nsarray;
			sourceTree = "<group>";
		};
/* End PBXGroup section */

/* Begin PBXNativeTarget section */
		70F231BD249B49BA003C56C9 /* ioslearn_oc */ = {
			isa = PBXNativeTarget;
			buildConfigurationList = 70F231C5249B49BA003C56C9 /* Build configuration list for PBXNativeTarget "ioslearn_oc" */;
			buildPhases = (
				70F231BA249B49BA003C56C9 /* Sources */,
				70F231BB249B49BA003C56C9 /* Frameworks */,
				70F231BC249B49BA003C56C9 /* CopyFiles */,
			);
			buildRules = (
			);
			dependencies = (
			);
			name = ioslearn_oc;
			productName = ioslearn_oc;
			productReference = 70F231BE249B49BA003C56C9 /* ioslearn_oc */;
			productType = "com.apple.product-type.tool";
		};
		70F231CB249B6BD4003C56C9 /* nsarray */ = {
			isa = PBXNativeTarget;
			buildConfigurationList = 70F231D0249B6BD4003C56C9 /* Build configuration list for PBXNativeTarget "nsarray" */;
			buildPhases = (
				70F231C8249B6BD4003C56C9 /* Sources */,
				70F231C9249B6BD4003C56C9 /* Frameworks */,
				70F231CA249B6BD4003C56C9 /* CopyFiles */,
			);
			buildRules = (
			);
			dependencies = (
			);
			name = nsarray;
			productName = nsarray;
			productReference = 70F231CC249B6BD4003C56C9 /* nsarray */;
			productType = "com.apple.product-type.tool";
		};
/* End PBXNativeTarget section */

/* Begin PBXProject section */
		70F231B6249B49BA003C56C9 /* Project object */ = {
			isa = PBXProject;
			attributes = {
				LastUpgradeCheck = 1150;
				ORGANIZATIONNAME = WuJInLi;
				TargetAttributes = {
					70F231BD249B49BA003C56C9 = {
						CreatedOnToolsVersion = 11.5;
					};
					70F231CB249B6BD4003C56C9 = {
						CreatedOnToolsVersion = 11.5;
					};
				};
			};
			buildConfigurationList = 70F231B9249B49BA003C56C9 /* Build configuration list for PBXProject "ioslearn_oc" */;
			compatibilityVersion = "Xcode 9.3";
			developmentRegion = en;
			hasScannedForEncodings = 0;
			knownRegions = (
				en,
				Base,
			);
			mainGroup = 70F231B5249B49BA003C56C9;
			productRefGroup = 70F231BF249B49BA003C56C9 /* Products */;
			projectDirPath = "";
			projectRoot = "";
			targets = (
				70F231BD249B49BA003C56C9 /* ioslearn_oc */,
				70F231CB249B6BD4003C56C9 /* nsarray */,
			);
		};
/* End PBXProject section */

/* Begin PBXSourcesBuildPhase section */
		70F231BA249B49BA003C56C9 /* Sources */ = {
			isa = PBXSourcesBuildPhase;
			buildActionMask = 2147483647;
			files = (
				70F231C2249B49BA003C56C9 /* main.m in Sources */,
			);
			runOnlyForDeploymentPostprocessing = 0;
		};
		70F231C8249B6BD4003C56C9 /* Sources */ = {
			isa = PBXSourcesBuildPhase;
			buildActionMask = 2147483647;
			files = (
				70F231D8249C56F6003C56C9 /* AddressBook.m in Sources */,
				70F231D5249B6C0C003C56C9 /* AddressCard.m in Sources */,
				70F231CF249B6BD4003C56C9 /* main.m in Sources */,
			);
			runOnlyForDeploymentPostprocessing = 0;
		};
/* End PBXSourcesBuildPhase section */

/* Begin XCBuildConfiguration section */
		70F231C3249B49BA003C56C9 /* Debug */ = {
			isa = XCBuildConfiguration;
			buildSettings = {
				ALWAYS_SEARCH_USER_PATHS = NO;
				CLANG_ANALYZER_NONNULL = YES;
				CLANG_ANALYZER_NUMBER_OBJECT_CONVERSION = YES_AGGRESSIVE;
				CLANG_CXX_LANGUAGE_STANDARD = "gnu++14";
				CLANG_CXX_LIBRARY = "libc++";
				CLANG_ENABLE_MODULES = YES;
				CLANG_ENABLE_OBJC_ARC = YES;
				CLANG_ENABLE_OBJC_WEAK = YES;
				CLANG_WARN_BLOCK_CAPTURE_AUTORELEASING = YES;
				CLANG_WARN_BOOL_CONVERSION = YES;
				CLANG_WARN_COMMA = YES;
				CLANG_WARN_CONSTANT_CONVERSION = YES;
				CLANG_WARN_DEPRECATED_OBJC_IMPLEMENTATIONS = YES;
				CLANG_WARN_DIRECT_OBJC_ISA_USAGE = YES_ERROR;
				CLANG_WARN_DOCUMENTATION_COMMENTS = YES;
				CLANG_WARN_EMPTY_BODY = YES;
				CLANG_WARN_ENUM_CONVERSION = YES;
				CLANG_WARN_INFINITE_RECURSION = YES;
				CLANG_WARN_INT_CONVERSION = YES;
				CLANG_WARN_NON_LITERAL_NULL_CONVERSION = YES;
				CLANG_WARN_OBJC_IMPLICIT_RETAIN_SELF = YES;
				CLANG_WARN_OBJC_LITERAL_CONVERSION = YES;
				CLANG_WARN_OBJC_ROOT_CLASS = YES_ERROR;
				CLANG_WARN_RANGE_LOOP_ANALYSIS = YES;
				CLANG_WARN_STRICT_PROTOTYPES = YES;
				CLANG_WARN_SUSPICIOUS_MOVE = YES;
				CLANG_WARN_UNGUARDED_AVAILABILITY = YES_AGGRESSIVE;
				CLANG_WARN_UNREACHABLE_CODE = YES;
				CLANG_WARN__DUPLICATE_METHOD_MATCH = YES;
				COPY_PHASE_STRIP = NO;
				DEBUG_INFORMATION_FORMAT = dwarf;
				ENABLE_STRICT_OBJC_MSGSEND = YES;
				ENABLE_TESTABILITY = YES;
				GCC_C_LANGUAGE_STANDARD = gnu11;
				GCC_DYNAMIC_NO_PIC = NO;
				GCC_NO_COMMON_BLOCKS = YES;
				GCC_OPTIMIZATION_LEVEL = 0;
				GCC_PREPROCESSOR_DEFINITIONS = (
					"DEBUG=1",
					"$(inherited)",
				);
				GCC_WARN_64_TO_32_BIT_CONVERSION = YES;
				GCC_WARN_ABOUT_RETURN_TYPE = YES_ERROR;
				GCC_WARN_UNDECLARED_SELECTOR = YES;
				GCC_WARN_UNINITIALIZED_AUTOS = YES_AGGRESSIVE;
				GCC_WARN_UNUSED_FUNCTION = YES;
				GCC_WARN_UNUSED_VARIABLE = YES;
				MACOSX_DEPLOYMENT_TARGET = 10.15;
				MTL_ENABLE_DEBUG_INFO = INCLUDE_SOURCE;
				MTL_FAST_MATH = YES;
				ONLY_ACTIVE_ARCH = YES;
				SDKROOT = macosx;
			};
			name = Debug;
		};
		70F231C4249B49BA003C56C9 /* Release */ = {
			isa = XCBuildConfiguration;
			buildSettings = {
				ALWAYS_SEARCH_USER_PATHS = NO;
				CLANG_ANALYZER_NONNULL = YES;
				CLANG_ANALYZER_NUMBER_OBJECT_CONVERSION = YES_AGGRESSIVE;
				CLANG_CXX_LANGUAGE_STANDARD = "gnu++14";
				CLANG_CXX_LIBRARY = "libc++";
				CLANG_ENABLE_MODULES = YES;
				CLANG_ENABLE_OBJC_ARC = YES;
				CLANG_ENABLE_OBJC_WEAK = YES;
				CLANG_WARN_BLOCK_CAPTURE_AUTORELEASING = YES;
				CLANG_WARN_BOOL_CONVERSION = YES;
				CLANG_WARN_COMMA = YES;
				CLANG_WARN_CONSTANT_CONVERSION = YES;
				CLANG_WARN_DEPRECATED_OBJC_IMPLEMENTATIONS = YES;
				CLANG_WARN_DIRECT_OBJC_ISA_USAGE = YES_ERROR;
				CLANG_WARN_DOCUMENTATION_COMMENTS = YES;
				CLANG_WARN_EMPTY_BODY = YES;
				CLANG_WARN_ENUM_CONVERSION = YES;
				CLANG_WARN_INFINITE_RECURSION = YES;
				CLANG_WARN_INT_CONVERSION = YES;
				CLANG_WARN_NON_LITERAL_NULL_CONVERSION = YES;
				CLANG_WARN_OBJC_IMPLICIT_RETAIN_SELF = YES;
				CLANG_WARN_OBJC_LITERAL_CONVERSION = YES;
				CLANG_WARN_OBJC_ROOT_CLASS = YES_ERROR;
				CLANG_WARN_RANGE_LOOP_ANALYSIS = YES;
				CLANG_WARN_STRICT_PROTOTYPES = YES;
				CLANG_WARN_SUSPICIOUS_MOVE = YES;
				CLANG_WARN_UNGUARDED_AVAILABILITY = YES_AGGRESSIVE;
				CLANG_WARN_UNREACHABLE_CODE = YES;
				CLANG_WARN__DUPLICATE_METHOD_MATCH = YES;
				COPY_PHASE_STRIP = NO;
				DEBUG_INFORMATION_FORMAT = "dwarf-with-dsym";
				ENABLE_NS_ASSERTIONS = NO;
				ENABLE_STRICT_OBJC_MSGSEND = YES;
				GCC_C_LANGUAGE_STANDARD = gnu11;
				GCC_NO_COMMON_BLOCKS = YES;
				GCC_WARN_64_TO_32_BIT_CONVERSION = YES;
				GCC_WARN_ABOUT_RETURN_TYPE = YES_ERROR;
				GCC_WARN_UNDECLARED_SELECTOR = YES;
				GCC_WARN_UNINITIALIZED_AUTOS = YES_AGGRESSIVE;
				GCC_WARN_UNUSED_FUNCTION = YES;
				GCC_WARN_UNUSED_VARIABLE = YES;
				MACOSX_DEPLOYMENT_TARGET = 10.15;
				MTL_ENABLE_DEBUG_INFO = NO;
				MTL_FAST_MATH = YES;
				SDKROOT = macosx;
			};
			name = Release;
		};
		70F231C6249B49BA003C56C9 /* Debug */ = {
			isa = XCBuildConfiguration;
			buildSettings = {
				CODE_SIGN_STYLE = Automatic;
				PRODUCT_NAME = "$(TARGET_NAME)";
			};
			name = Debug;
		};
		70F231C7249B49BA003C56C9 /* Release */ = {
			isa = XCBuildConfiguration;
			buildSettings = {
				CODE_SIGN_STYLE = Automatic;
				PRODUCT_NAME = "$(TARGET_NAME)";
			};
			name = Release;
		};
		70F231D1249B6BD4003C56C9 /* Debug */ = {
			isa = XCBuildConfiguration;
			buildSettings = {
				CODE_SIGN_STYLE = Automatic;
				PRODUCT_NAME = "$(TARGET_NAME)";
			};
			name = Debug;
		};
		70F231D2249B6BD4003C56C9 /* Release */ = {
			isa = XCBuildConfiguration;
			buildSettings = {
				CODE_SIGN_STYLE = Automatic;
				PRODUCT_NAME = "$(TARGET_NAME)";
			};
			name = Release;
		};
/* End XCBuildConfiguration section */

/* Begin XCConfigurationList section */
		70F231B9249B49BA003C56C9 /* Build configuration list for PBXProject "ioslearn_oc" */ = {
			isa = XCConfigurationList;
			buildConfigurations = (
				70F231C3249B49BA003C56C9 /* Debug */,
				70F231C4249B49BA003C56C9 /* Release */,
			);
			defaultConfigurationIsVisible = 0;
			defaultConfigurationName = Release;
		};
		70F231C5249B49BA003C56C9 /* Build configuration list for PBXNativeTarget "ioslearn_oc" */ = {
			isa = XCConfigurationList;
			buildConfigurations = (
				70F231C6249B49BA003C56C9 /* Debug */,
				70F231C7249B49BA003C56C9 /* Release */,
			);
			defaultConfigurationIsVisible = 0;
			defaultConfigurationName = Release;
		};
		70F231D0249B6BD4003C56C9 /* Build configuration list for PBXNativeTarget "nsarray" */ = {
			isa = XCConfigurationList;
			buildConfigurations = (
				70F231D1249B6BD4003C56C9 /* Debug */,
				70F231D2249B6BD4003C56C9 /* Release */,
			);
			defaultConfigurationIsVisible = 0;
			defaultConfigurationName = Release;
		};
/* End XCConfigurationList section */
	};
	rootObject = 70F231B6249B49BA003C56C9 /* Project object */;
}
